
Microsoft Visual Studio Solution File, Format Version 12.00
# Visual Studio 15
VisualStudioVersion = 15.0.27703.2026
MinimumVisualStudioVersion = 10.0.40219.1
Project("{FAE04EC0-301F-11D3-BF4B-00C04F79EFBC}") = "OLES", "OLES\OLES.csproj", "{7238E0EF-039D-43D7-BD72-ABD57AD6F944}"
EndProject
Global
	GlobalSection(SolutionConfigurationPlatforms) = preSolution
		Debug|Any CPU = Debug|Any CPU
		Release|Any CPU = Release|Any CPU
	EndGlobalSection
	GlobalSection(ProjectConfigurationPlatforms) = postSolution
		{7238E0EF-039D-43D7-BD72-ABD57AD6F944}.Debug|Any CPU.ActiveCfg = Debug|Any CPU
		{7238E0EF-039D-43D7-BD72-ABD57AD6F944}.Debug|Any CPU.Build.0 = Debug|Any CPU
		{7238E0EF-039D-43D7-BD72-ABD57AD6F944}.Release|Any CPU.ActiveCfg = Release|Any CPU
		{7238E0EF-039D-43D7-BD72-ABD57AD6F944}.Release|Any CPU.Build.0 = Release|Any CPU
	EndGlobalSection
	GlobalSection(SolutionProperties) = preSolution
		HideSolutionNode = FALSE
	EndGlobalSection
	GlobalSection(ExtensibilityGlobals) = postSolution
		SolutionGuid = {B1ECB3DC-4FC3-4083-BC88-74866074DC8C}
	EndGlobalSection
EndGlobal
